
Microsoft Visual Studio Solution File, Format Version 12.00
# Visual Studio 15
Project("{FAE04EC0-301F-11D3-BF4B-00C04F79EFBC}") = "NetValidators", "NetValidators\NetValidators.csproj", "{B7B46B46-DF7E-4769-820C-0D97A4BA10A7}"
EndProject
Project("{FAE04EC0-301F-11D3-BF4B-00C04F79EFBC}") = "NetValidatorsConsoleClient", "NetValidatorsConsoleClient\NetValidatorsConsoleClient.csproj", "{C4932CE0-6F04-4D9D-B881-17AE112E0780}"
EndProject
Project("{FAE04EC0-301F-11D3-BF4B-00C04F79EFBC}") = "NetValidatorsTests", "NetValidatorsTests\NetValidatorsTests.csproj", "{20390BE9-2F0D-4991-8D67-D8A91F506D50}"
EndProject
Global
	GlobalSection(SolutionConfigurationPlatforms) = preSolution
		Debug|Any CPU = Debug|Any CPU
		Release|Any CPU = Release|Any CPU
	EndGlobalSection
	GlobalSection(ProjectConfigurationPlatforms) = postSolution
		{B7B46B46-DF7E-4769-820C-0D97A4BA10A7}.Debug|Any CPU.ActiveCfg = Debug|Any CPU
		{B7B46B46-DF7E-4769-820C-0D97A4BA10A7}.Debug|Any CPU.Build.0 = Debug|Any CPU
		{B7B46B46-DF7E-4769-820C-0D97A4BA10A7}.Release|Any CPU.ActiveCfg = Release|Any CPU
		{B7B46B46-DF7E-4769-820C-0D97A4BA10A7}.Release|Any CPU.Build.0 = Release|Any CPU
		{C4932CE0-6F04-4D9D-B881-17AE112E0780}.Debug|Any CPU.ActiveCfg = Debug|Any CPU
		{C4932CE0-6F04-4D9D-B881-17AE112E0780}.Debug|Any CPU.Build.0 = Debug|Any CPU
		{C4932CE0-6F04-4D9D-B881-17AE112E0780}.Release|Any CPU.ActiveCfg = Release|Any CPU
		{C4932CE0-6F04-4D9D-B881-17AE112E0780}.Release|Any CPU.Build.0 = Release|Any CPU
		{20390BE9-2F0D-4991-8D67-D8A91F506D50}.Debug|Any CPU.ActiveCfg = Debug|Any CPU
		{20390BE9-2F0D-4991-8D67-D8A91F506D50}.Debug|Any CPU.Build.0 = Debug|Any CPU
		{20390BE9-2F0D-4991-8D67-D8A91F506D50}.Release|Any CPU.ActiveCfg = Release|Any CPU
		{20390BE9-2F0D-4991-8D67-D8A91F506D50}.Release|Any CPU.Build.0 = Release|Any CPU
	EndGlobalSection
EndGlobal
